github.com/chrisbodhi/hugo-blyg v0.1.0 h1:LzqZ8fsYYWQy9evF+ir2Cn7FPcfqB8KtOc2fR3z5TV8=
github.com/chrisbodhi/hugo-blyg v0.1.0/go.mod h1:apN3OGGh3AyuuMXVTubLC7lHp7Yzt8fqQEuPmnri0z8=
github.com/chrisbodhi/hugo-blyg v0.1.1-0.20260928160936-97fb5ec67482 h1:zVNNEVbsgR9IIy6M6XSWBzDEoFbqbaRqlEFO6YPlCUM=
github.com/chrisbodhi/hugo-blyg v0.1.1-0.20260928160936-97fb5ec67482/go.mod h1:apN3OGGh3AyuuMXVTubLC7lHp7Yzt8fqQEuPmnri0z8=
